// !$*UTF8*$!
{
	archiveVersion = 1;
	classes = {
	};
	objectVersion = 50;
	objects = {

/* Begin PBXBuildFile section */
		5DBB6D34250C84150081013F /* AppDelegate.swift in Sources */ = {isa = PBXBuildFile; fileRef = 5DBB6D33250C84150081013F /* AppDelegate.swift */; };
		5DBB6D36250C84150081013F /* SceneDelegate.swift in Sources */ = {isa = PBXBuildFile; fileRef = 5DBB6D35250C84150081013F /* SceneDelegate.swift */; };
		5DBB6D38250C84150081013F /* ViewController.swift in Sources */ = {isa = PBXBuildFile; fileRef = 5DBB6D37250C84150081013F /* ViewController.swift */; };
		5DBB6D3B250C84150081013F /* Main.storyboard in Resources */ = {isa = PBXBuildFile; fileRef = 5DBB6D39250C84150081013F /* Main.storyboard */; };
		5DBB6D3D250C84190081013F /* Assets.xcassets in Resources */ = {isa = PBXBuildFile; fileRef = 5DBB6D3C250C84190081013F /* Assets.xcassets */; };
		5DBB6D40250C84190081013F /* LaunchScreen.storyboard in Resources */ = {isa = PBXBuildFile; fileRef = 5DBB6D3E250C84190081013F /* LaunchScreen.storyboard */; };
		5DBB6D4B250C84190081013F /* PasswordHackerTests.swift in Sources */ = {isa = PBXBuildFile; fileRef = 5DBB6D4A250C84190081013F /* PasswordHackerTests.swift */; };
		5DBB6D56250C841A0081013F /* PasswordHackerUITests.swift in Sources */ = {isa = PBXBuildFile; fileRef = 5DBB6D55250C841A0081013F /* PasswordHackerUITests.swift */; };
/* End PBXBuildFile section */

/* Begin PBXContainerItemProxy section */
		5DBB6D47250C84190081013F /* PBXContainerItemProxy */ = {
			isa = PBXContainerItemProxy;
			containerPortal = 5DBB6D28250C84150081013F /* Project object */;
			proxyType = 1;
			remoteGlobalIDString = 5DBB6D2F250C84150081013F;
			remoteInfo = PasswordHacker;
		};
		5DBB6D52250C841A0081013F /* PBXContainerItemProxy */ = {
			isa = PBXContainerItemProxy;
			containerPortal = 5DBB6D28250C84150081013F /* Project object */;
			proxyType = 1;
			remoteGlobalIDString = 5DBB6D2F250C84150081013F;
			remoteInfo = PasswordHacker;
		};
/* End PBXContainerItemProxy section */

/* Begin PBXFileReference section */
		5DBB6D30250C84150081013F /* PasswordHacker.app */ = {isa = PBXFileReference; explicitFileType = wrapper.application; includeInIndex = 0; path = PasswordHacker.app; sourceTree = BUILT_PRODUCTS_DIR; };
		5DBB6D33250C84150081013F /* AppDelegate.swift */ = {isa = PBXFileReference; lastKnownFileType = sourcecode.swift; path = AppDelegate.swift; sourceTree = "<group>"; };
		5DBB6D35250C84150081013F /* SceneDelegate.swift */ = {isa = PBXFileReference; lastKnownFileType = sourcecode.swift; path = SceneDelegate.swift; sourceTree = "<group>"; };
		5DBB6D37250C84150081013F /* ViewController.swift */ = {isa = PBXFileReference; lastKnownFileType = sourcecode.swift; path = ViewController.swift; sourceTree = "<group>"; };
		5DBB6D3A250C84150081013F /* Base */ = {isa = PBXFileReference; lastKnownFileType = file.storyboard; name = Base; path = Base.lproj/Main.storyboard; sourceTree = "<group>"; };
		5DBB6D3C250C84190081013F /* Assets.xcassets */ = {isa = PBXFileReference; lastKnownFileType = folder.assetcatalog; path = Assets.xcassets; sourceTree = "<group>"; };
		5DBB6D3F250C84190081013F /* Base */ = {isa = PBXFileReference; lastKnownFileType = file.storyboard; name = Base; path = Base.lproj/LaunchScreen.storyboard; sourceTree = "<group>"; };
		5DBB6D41250C84190081013F /* Info.plist */ = {isa = PBXFileReference; lastKnownFileType = text.plist.xml; path = Info.plist; sourceTree = "<group>"; };
		5DBB6D46250C84190081013F /* PasswordHackerTests.xctest */ = {isa = PBXFileReference; explicitFileType = wrapper.cfbundle; includeInIndex = 0; path = PasswordHackerTests.xctest; sourceTree = BUILT_PRODUCTS_DIR; };
		5DBB6D4A250C84190081013F /* PasswordHackerTests.swift */ = {isa = PBXFileReference; lastKnownFileType = sourcecode.swift; path = PasswordHackerTests.swift; sourceTree = "<group>"; };
		5DBB6D4C250C84190081013F /* Info.plist */ = {isa = PBXFileReference; lastKnownFileType = text.plist.xml; path = Info.plist; sourceTree = "<group>"; };
		5DBB6D51250C841A0081013F /* PasswordHackerUITests.xctest */ = {isa = PBXFileReference; explicitFileType = wrapper.cfbundle; includeInIndex = 0; path = PasswordHackerUITests.xctest; sourceTree = BUILT_PRODUCTS_DIR; };
		5DBB6D55250C841A0081013F /* PasswordHackerUITests.swift */ = {isa = PBXFileReference; lastKnownFileType = sourcecode.swift; path = PasswordHackerUITests.swift; sourceTree = "<group>"; };
		5DBB6D57250C841A0081013F /* Info.plist */ = {isa = PBXFileReference; lastKnownFileType = text.plist.xml; path = Info.plist; sourceTree = "<group>"; };
/* End PBXFileReference section */

/* Begin PBXFrameworksBuildPhase section */
		5DBB6D2D250C84150081013F /* Frameworks */ = {
			isa = PBXFrameworksBuildPhase;
			buildActionMask = 2147483647;
			files = (
			);
			runOnlyForDeploymentPostprocessing = 0;
		};
		5DBB6D43250C84190081013F /* Frameworks */ = {
			isa = PBXFrameworksBuildPhase;
			buildActionMask = 2147483647;
			files = (
			);
			runOnlyForDeploymentPostprocessing = 0;
		};
		5DBB6D4E250C841A0081013F /* Frameworks */ = {
			isa = PBXFrameworksBuildPhase;
			buildActionMask = 2147483647;
			files = (
			);
			runOnlyForDeploymentPostprocessing = 0;
		};
/* End PBXFrameworksBuildPhase section */

/* Begin PBXGroup section */
		5DBB6D27250C84150081013F = {
			isa = PBXGroup;
			children = (
				5DBB6D32250C84150081013F /* PasswordHacker */,
				5DBB6D49250C84190081013F /* PasswordHackerTests */,
				5DBB6D54250C841A0081013F /* PasswordHackerUITests */,
				5DBB6D31250C84150081013F /* Products */,
			);
			sourceTree = "<group>";
		};
		5DBB6D31250C84150081013F /* Products */ = {
			isa = PBXGroup;
			children = (
				5DBB6D30250C84150081013F /* PasswordHacker.app */,
				5DBB6D46250C84190081013F /* PasswordHackerTests.xctest */,
				5DBB6D51250C841A0081013F /* PasswordHackerUITests.xctest */,
			);
			name = Products;
			sourceTree = "<group>";
		};
		5DBB6D32250C84150081013F /* PasswordHacker */ = {
			isa = PBXGroup;
			children = (
				5DBB6D33250C84150081013F /* AppDelegate.swift */,
				5DBB6D35250C84150081013F /* SceneDelegate.swift */,
				5DBB6D37250C84150081013F /* ViewController.swift */,
				5DBB6D39250C84150081013F /* Main.storyboard */,
				5DBB6D3C250C84190081013F /* Assets.xcassets */,
				5DBB6D3E250C84190081013F /* LaunchScreen.storyboard */,
				5DBB6D41250C84190081013F /* Info.plist */,
			);
			path = PasswordHacker;
			sourceTree = "<group>";
		};
		5DBB6D49250C84190081013F /* PasswordHackerTests */ = {
			isa = PBXGroup;
			children = (
				5DBB6D4A250C84190081013F /* PasswordHackerTests.swift */,
				5DBB6D4C250C84190081013F /* Info.plist */,
			);
			path = PasswordHackerTests;
			sourceTree = "<group>";
		};
		5DBB6D54250C841A0081013F /* PasswordHackerUITests */ = {
			isa = PBXGroup;
			children = (
				5DBB6D55250C841A0081013F /* PasswordHackerUITests.swift */,
				5DBB6D57250C841A0081013F /* Info.plist */,
			);
			path = PasswordHackerUITests;
			sourceTree = "<group>";
		};
/* End PBXGroup section */

/* Begin PBXNativeTarget section */
		5DBB6D2F250C84150081013F /* PasswordHacker */ = {
			isa = PBXNativeTarget;
			buildConfigurationList = 5DBB6D5A250C841A0081013F /* Build configuration list for PBXNativeTarget "PasswordHacker" */;
			buildPhases = (
				5DBB6D2C250C84150081013F /* Sources */,
				5DBB6D2D250C84150081013F /* Frameworks */,
				5DBB6D2E250C84150081013F /* Resources */,
			);
			buildRules = (
			);
			dependencies = (
			);
			name = PasswordHacker;
			productName = PasswordHacker;
			productReference = 5DBB6D30250C84150081013F /* PasswordHacker.app */;
			productType = "com.apple.product-type.application";
		};
		5DBB6D45250C84190081013F /* PasswordHackerTests */ = {
			isa = PBXNativeTarget;
			buildConfigurationList = 5DBB6D5D250C841A0081013F /* Build configuration list for PBXNativeTarget "PasswordHackerTests" */;
			buildPhases = (
				5DBB6D42250C84190081013F /* Sources */,
				5DBB6D43250C84190081013F /* Frameworks */,
				5DBB6D44250C84190081013F /* Resources */,
			);
			buildRules = (
			);
			dependencies = (
				5DBB6D48250C84190081013F /* PBXTargetDependency */,
			);
			name = PasswordHackerTests;
			productName = PasswordHackerTests;
			productReference = 5DBB6D46250C84190081013F /* PasswordHackerTests.xctest */;
			productType = "com.apple.product-type.bundle.unit-test";
		};
		5DBB6D50250C841A0081013F /* PasswordHackerUITests */ = {
			isa = PBXNativeTarget;
			buildConfigurationList = 5DBB6D60250C841A0081013F /* Build configuration list for PBXNativeTarget "PasswordHackerUITests" */;
			buildPhases = (
				5DBB6D4D250C841A0081013F /* Sources */,
				5DBB6D4E250C841A0081013F /* Frameworks */,
				5DBB6D4F250C841A0081013F /* Resources */,
			);
			buildRules = (
			);
			dependencies = (
				5DBB6D53250C841A0081013F /* PBXTargetDependency */,
			);
			name = PasswordHackerUITests;
			productName = PasswordHackerUITests;
			productReference = 5DBB6D51250C841A0081013F /* PasswordHackerUITests.xctest */;
			productType = "com.apple.product-type.bundle.ui-testing";
		};
/* End PBXNativeTarget section */

/* Begin PBXProject section */
		5DBB6D28250C84150081013F /* Project object */ = {
			isa = PBXProject;
			attributes = {
				LastSwiftUpdateCheck = 1170;
				LastUpgradeCheck = 1170;
				ORGANIZATIONNAME = "Yamamoto Miu";
				TargetAttributes = {
					5DBB6D2F250C84150081013F = {
						CreatedOnToolsVersion = 11.7;
					};
					5DBB6D45250C84190081013F = {
						CreatedOnToolsVersion = 11.7;
						TestTargetID = 5DBB6D2F250C84150081013F;
					};
					5DBB6D50250C841A0081013F = {
						CreatedOnToolsVersion = 11.7;
						TestTargetID = 5DBB6D2F250C84150081013F;
					};
				};
			};
			buildConfigurationList = 5DBB6D2B250C84150081013F /* Build configuration list for PBXProject "PasswordHacker" */;
			compatibilityVersion = "Xcode 9.3";
			developmentRegion = en;
			hasScannedForEncodings = 0;
			knownRegions = (
				en,
				Base,
			);
			mainGroup = 5DBB6D27250C84150081013F;
			productRefGroup = 5DBB6D31250C84150081013F /* Products */;
			projectDirPath = "";
			projectRoot = "";
			targets = (
				5DBB6D2F250C84150081013F /* PasswordHacker */,
				5DBB6D45250C84190081013F /* PasswordHackerTests */,
				5DBB6D50250C841A0081013F /* PasswordHackerUITests */,
			);
		};
/* End PBXProject section */

/* Begin PBXResourcesBuildPhase section */
		5DBB6D2E250C84150081013F /* Resources */ = {
			isa = PBXResourcesBuildPhase;
			buildActionMask = 2147483647;
			files = (
				5DBB6D40250C84190081013F /* LaunchScreen.storyboard in Resources */,
				5DBB6D3D250C84190081013F /* Assets.xcassets in Resources */,
				5DBB6D3B250C84150081013F /* Main.storyboard in Resources */,
			);
			runOnlyForDeploymentPostprocessing = 0;
		};
		5DBB6D44250C84190081013F /* Resources */ = {
			isa = PBXResourcesBuildPhase;
			buildActionMask = 2147483647;
			files = (
			);
			runOnlyForDeploymentPostprocessing = 0;
		};
		5DBB6D4F250C841A0081013F /* Resources */ = {
			isa = PBXResourcesBuildPhase;
			buildActionMask = 2147483647;
			files = (
			);
			runOnlyForDeploymentPostprocessing = 0;
		};
/* End PBXResourcesBuildPhase section */

/* Begin PBXSourcesBuildPhase section */
		5DBB6D2C250C84150081013F /* Sources */ = {
			isa = PBXSourcesBuildPhase;
			buildActionMask = 2147483647;
			files = (
				5DBB6D38250C84150081013F /* ViewController.swift in Sources */,
				5DBB6D34250C84150081013F /* AppDelegate.swift in Sources */,
				5DBB6D36250C84150081013F /* SceneDelegate.swift in Sources */,
			);
			runOnlyForDeploymentPostprocessing = 0;
		};
		5DBB6D42250C84190081013F /* Sources */ = {
			isa = PBXSourcesBuildPhase;
			buildActionMask = 2147483647;
			files = (
				5DBB6D4B250C84190081013F /* PasswordHackerTests.swift in Sources */,
			);
			runOnlyForDeploymentPostprocessing = 0;
		};
		5DBB6D4D250C841A0081013F /* Sources */ = {
			isa = PBXSourcesBuildPhase;
			buildActionMask = 2147483647;
			files = (
				5DBB6D56250C841A0081013F /* PasswordHackerUITests.swift in Sources */,
			);
			runOnlyForDeploymentPostprocessing = 0;
		};
/* End PBXSourcesBuildPhase section */

/* Begin PBXTargetDependency section */
		5DBB6D48250C84190081013F /* PBXTargetDependency */ = {
			isa = PBXTargetDependency;
			target = 5DBB6D2F250C84150081013F /* PasswordHacker */;
			targetProxy = 5DBB6D47250C84190081013F /* PBXContainerItemProxy */;
		};
		5DBB6D53250C841A0081013F /* PBXTargetDependency */ = {
			isa = PBXTargetDependency;
			target = 5DBB6D2F250C84150081013F /* PasswordHacker */;
			targetProxy = 5DBB6D52250C841A0081013F /* PBXContainerItemProxy */;
		};
/* End PBXTargetDependency section */

/* Begin PBXVariantGroup section */
		5DBB6D39250C84150081013F /* Main.storyboard */ = {
			isa = PBXVariantGroup;
			children = (
				5DBB6D3A250C84150081013F /* Base */,
			);
			name = Main.storyboard;
			sourceTree = "<group>";
		};
		5DBB6D3E250C84190081013F /* LaunchScreen.storyboard */ = {
			isa = PBXVariantGroup;
			children = (
				5DBB6D3F250C84190081013F /* Base */,
			);
			name = LaunchScreen.storyboard;
			sourceTree = "<group>";
		};
/* End PBXVariantGroup section */

/* Begin XCBuildConfiguration section */
		5DBB6D58250C841A0081013F /* Debug */ = {
			isa = XCBuildConfiguration;
			buildSettings = {
				ALWAYS_SEARCH_USER_PATHS = NO;
				CLANG_ANALYZER_NONNULL = YES;
				CLANG_ANALYZER_NUMBER_OBJECT_CONVERSION = YES_AGGRESSIVE;
				CLANG_CXX_LANGUAGE_STANDARD = "gnu++14";
				CLANG_CXX_LIBRARY = "libc++";
				CLANG_ENABLE_MODULES = YES;
				CLANG_ENABLE_OBJC_ARC = YES;
				CLANG_ENABLE_OBJC_WEAK = YES;
				CLANG_WARN_BLOCK_CAPTURE_AUTORELEASING = YES;
				CLANG_WARN_BOOL_CONVERSION = YES;
				CLANG_WARN_COMMA = YES;
				CLANG_WARN_CONSTANT_CONVERSION = YES;
				CLANG_WARN_DEPRECATED_OBJC_IMPLEMENTATIONS = YES;
				CLANG_WARN_DIRECT_OBJC_ISA_USAGE = YES_ERROR;
				CLANG_WARN_DOCUMENTATION_COMMENTS = YES;
				CLANG_WARN_EMPTY_BODY = YES;
				CLANG_WARN_ENUM_CONVERSION = YES;
				CLANG_WARN_INFINITE_RECURSION = YES;
				CLANG_WARN_INT_CONVERSION = YES;
				CLANG_WARN_NON_LITERAL_NULL_CONVERSION = YES;
				CLANG_WARN_OBJC_IMPLICIT_RETAIN_SELF = YES;
				CLANG_WARN_OBJC_LITERAL_CONVERSION = YES;
				CLANG_WARN_OBJC_ROOT_CLASS = YES_ERROR;
				CLANG_WARN_RANGE_LOOP_ANALYSIS = YES;
				CLANG_WARN_STRICT_PROTOTYPES = YES;
				CLANG_WARN_SUSPICIOUS_MOVE = YES;
				CLANG_WARN_UNGUARDED_AVAILABILITY = YES_AGGRESSIVE;
				CLANG_WARN_UNREACHABLE_CODE = YES;
				CLANG_WARN__DUPLICATE_METHOD_MATCH = YES;
				COPY_PHASE_STRIP = NO;
				DEBUG_INFORMATION_FORMAT = dwarf;
				ENABLE_STRICT_OBJC_MSGSEND = YES;
				ENABLE_TESTABILITY = YES;
				GCC_C_LANGUAGE_STANDARD = gnu11;
				GCC_DYNAMIC_NO_PIC = NO;
				GCC_NO_COMMON_BLOCKS = YES;
				GCC_OPTIMIZATION_LEVEL = 0;
				GCC_PREPROCESSOR_DEFINITIONS = (
					"DEBUG=1",
					"$(inherited)",
				);
				GCC_WARN_64_TO_32_BIT_CONVERSION = YES;
				GCC_WARN_ABOUT_RETURN_TYPE = YES_ERROR;
				GCC_WARN_UNDECLARED_SELECTOR = YES;
				GCC_WARN_UNINITIALIZED_AUTOS = YES_AGGRESSIVE;
				GCC_WARN_UNUSED_FUNCTION = YES;
				GCC_WARN_UNUSED_VARIABLE = YES;
				IPHONEOS_DEPLOYMENT_TARGET = 13.7;
				MTL_ENABLE_DEBUG_INFO = INCLUDE_SOURCE;
				MTL_FAST_MATH = YES;
				ONLY_ACTIVE_ARCH = YES;
				SDKROOT = iphoneos;
				SWIFT_ACTIVE_COMPILATION_CONDITIONS = DEBUG;
				SWIFT_OPTIMIZATION_LEVEL = "-Onone";
			};
			name = Debug;
		};
		5DBB6D59250C841A0081013F /* Release */ = {
			isa = XCBuildConfiguration;
			buildSettings = {
				ALWAYS_SEARCH_USER_PATHS = NO;
				CLANG_ANALYZER_NONNULL = YES;
				CLANG_ANALYZER_NUMBER_OBJECT_CONVERSION = YES_AGGRESSIVE;
				CLANG_CXX_LANGUAGE_STANDARD = "gnu++14";
				CLANG_CXX_LIBRARY = "libc++";
				CLANG_ENABLE_MODULES = YES;
				CLANG_ENABLE_OBJC_ARC = YES;
				CLANG_ENABLE_OBJC_WEAK = YES;
				CLANG_WARN_BLOCK_CAPTURE_AUTORELEASING = YES;
				CLANG_WARN_BOOL_CONVERSION = YES;
				CLANG_WARN_COMMA = YES;
				CLANG_WARN_CONSTANT_CONVERSION = YES;
				CLANG_WARN_DEPRECATED_OBJC_IMPLEMENTATIONS = YES;
				CLANG_WARN_DIRECT_OBJC_ISA_USAGE = YES_ERROR;
				CLANG_WARN_DOCUMENTATION_COMMENTS = YES;
				CLANG_WARN_EMPTY_BODY = YES;
				CLANG_WARN_ENUM_CONVERSION = YES;
				CLANG_WARN_INFINITE_RECURSION = YES;
				CLANG_WARN_INT_CONVERSION = YES;
				CLANG_WARN_NON_LITERAL_NULL_CONVERSION = YES;
				CLANG_WARN_OBJC_IMPLICIT_RETAIN_SELF = YES;
				CLANG_WARN_OBJC_LITERAL_CONVERSION = YES;
				CLANG_WARN_OBJC_ROOT_CLASS = YES_ERROR;
				CLANG_WARN_RANGE_LOOP_ANALYSIS = YES;
				CLANG_WARN_STRICT_PROTOTYPES = YES;
				CLANG_WARN_SUSPICIOUS_MOVE = YES;
				CLANG_WARN_UNGUARDED_AVAILABILITY = YES_AGGRESSIVE;
				CLANG_WARN_UNREACHABLE_CODE = YES;
				CLANG_WARN__DUPLICATE_METHOD_MATCH = YES;
				COPY_PHASE_STRIP = NO;
				DEBUG_INFORMATION_FORMAT = "dwarf-with-dsym";
				ENABLE_NS_ASSERTIONS = NO;
				ENABLE_STRICT_OBJC_MSGSEND = YES;
				GCC_C_LANGUAGE_STANDARD = gnu11;
				GCC_NO_COMMON_BLOCKS = YES;
				GCC_WARN_64_TO_32_BIT_CONVERSION = YES;
				GCC_WARN_ABOUT_RETURN_TYPE = YES_ERROR;
				GCC_WARN_UNDECLARED_SELECTOR = YES;
				GCC_WARN_UNINITIALIZED_AUTOS = YES_AGGRESSIVE;
				GCC_WARN_UNUSED_FUNCTION = YES;
				GCC_WARN_UNUSED_VARIABLE = YES;
				IPHONEOS_DEPLOYMENT_TARGET = 13.7;
				MTL_ENABLE_DEBUG_INFO = NO;
				MTL_FAST_MATH = YES;
				SDKROOT = iphoneos;
				SWIFT_COMPILATION_MODE = wholemodule;
				SWIFT_OPTIMIZATION_LEVEL = "-O";
				VALIDATE_PRODUCT = YES;
			};
			name = Release;
		};
		5DBB6D5B250C841A0081013F /* Debug */ = {
			isa = XCBuildConfiguration;
			buildSettings = {
				ASSETCATALOG_COMPILER_APPICON_NAME = AppIcon;
				CODE_SIGN_STYLE = Automatic;
				INFOPLIST_FILE = PasswordHacker/Info.plist;
				LD_RUNPATH_SEARCH_PATHS = (
					"$(inherited)",
					"@executable_path/Frameworks",
				);
				PRODUCT_BUNDLE_IDENTIFIER = com.litech.PasswordHacker;
				PRODUCT_NAME = "$(TARGET_NAME)";
				SWIFT_VERSION = 5.0;
				TARGETED_DEVICE_FAMILY = "1,2";
			};
			name = Debug;
		};
		5DBB6D5C250C841A0081013F /* Release */ = {
			isa = XCBuildConfiguration;
			buildSettings = {
				ASSETCATALOG_COMPILER_APPICON_NAME = AppIcon;
				CODE_SIGN_STYLE = Automatic;
				INFOPLIST_FILE = PasswordHacker/Info.plist;
				LD_RUNPATH_SEARCH_PATHS = (
					"$(inherited)",
					"@executable_path/Frameworks",
				);
				PRODUCT_BUNDLE_IDENTIFIER = com.litech.PasswordHacker;
				PRODUCT_NAME = "$(TARGET_NAME)";
				SWIFT_VERSION = 5.0;
				TARGETED_DEVICE_FAMILY = "1,2";
			};
			name = Release;
		};
		5DBB6D5E250C841A0081013F /* Debug */ = {
			isa = XCBuildConfiguration;
			buildSettings = {
				ALWAYS_EMBED_SWIFT_STANDARD_LIBRARIES = YES;
				BUNDLE_LOADER = "$(TEST_HOST)";
				CODE_SIGN_STYLE = Automatic;
				INFOPLIST_FILE = PasswordHackerTests/Info.plist;
				IPHONEOS_DEPLOYMENT_TARGET = 13.7;
				LD_RUNPATH_SEARCH_PATHS = (
					"$(inherited)",
					"@executable_path/Frameworks",
					"@loader_path/Frameworks",
				);
				PRODUCT_BUNDLE_IDENTIFIER = com.litech.PasswordHackerTests;
				PRODUCT_NAME = "$(TARGET_NAME)";
				SWIFT_VERSION = 5.0;
				TARGETED_DEVICE_FAMILY = "1,2";
				TEST_HOST = "$(BUILT_PRODUCTS_DIR)/PasswordHacker.app/PasswordHacker";
			};
			name = Debug;
		};
		5DBB6D5F250C841A0081013F /* Release */ = {
			isa = XCBuildConfiguration;
			buildSettings = {
				ALWAYS_EMBED_SWIFT_STANDARD_LIBRARIES = YES;
				BUNDLE_LOADER = "$(TEST_HOST)";
				CODE_SIGN_STYLE = Automatic;
				INFOPLIST_FILE = PasswordHackerTests/Info.plist;
				IPHONEOS_DEPLOYMENT_TARGET = 13.7;
				LD_RUNPATH_SEARCH_PATHS = (
					"$(inherited)",
					"@executable_path/Frameworks",
					"@loader_path/Frameworks",
				);
				PRODUCT_BUNDLE_IDENTIFIER = com.litech.PasswordHackerTests;
				PRODUCT_NAME = "$(TARGET_NAME)";
				SWIFT_VERSION = 5.0;
				TARGETED_DEVICE_FAMILY = "1,2";
				TEST_HOST = "$(BUILT_PRODUCTS_DIR)/PasswordHacker.app/PasswordHacker";
			};
			name = Release;
		};
		5DBB6D61250C841A0081013F /* Debug */ = {
			isa = XCBuildConfiguration;
			buildSettings = {
				ALWAYS_EMBED_SWIFT_STANDARD_LIBRARIES = YES;
				CODE_SIGN_STYLE = Automatic;
				INFOPLIST_FILE = PasswordHackerUITests/Info.plist;
				LD_RUNPATH_SEARCH_PATHS = (
					"$(inherited)",
					"@executable_path/Frameworks",
					"@loader_path/Frameworks",
				);
				PRODUCT_BUNDLE_IDENTIFIER = com.litech.PasswordHackerUITests;
				PRODUCT_NAME = "$(TARGET_NAME)";
				SWIFT_VERSION = 5.0;
				TARGETED_DEVICE_FAMILY = "1,2";
				TEST_TARGET_NAME = PasswordHacker;
			};
			name = Debug;
		};
		5DBB6D62250C841A0081013F /* Release */ = {
			isa = XCBuildConfiguration;
			buildSettings = {
				ALWAYS_EMBED_SWIFT_STANDARD_LIBRARIES = YES;
				CODE_SIGN_STYLE = Automatic;
				INFOPLIST_FILE = PasswordHackerUITests/Info.plist;
				LD_RUNPATH_SEARCH_PATHS = (
					"$(inherited)",
					"@executable_path/Frameworks",
					"@loader_path/Frameworks",
				);
				PRODUCT_BUNDLE_IDENTIFIER = com.litech.PasswordHackerUITests;
				PRODUCT_NAME = "$(TARGET_NAME)";
				SWIFT_VERSION = 5.0;
				TARGETED_DEVICE_FAMILY = "1,2";
				TEST_TARGET_NAME = PasswordHacker;
			};
			name = Release;
		};
/* End XCBuildConfiguration section */

/* Begin XCConfigurationList section */
		5DBB6D2B250C84150081013F /* Build configuration list for PBXProject "PasswordHacker" */ = {
			isa = XCConfigurationList;
			buildConfigurations = (
				5DBB6D58250C841A0081013F /* Debug */,
				5DBB6D59250C841A0081013F /* Release */,
			);
			defaultConfigurationIsVisible = 0;
			defaultConfigurationName = Release;
		};
		5DBB6D5A250C841A0081013F /* Build configuration list for PBXNativeTarget "PasswordHacker" */ = {
			isa = XCConfigurationList;
			buildConfigurations = (
				5DBB6D5B250C841A0081013F /* Debug */,
				5DBB6D5C250C841A0081013F /* Release */,
			);
			defaultConfigurationIsVisible = 0;
			defaultConfigurationName = Release;
		};
		5DBB6D5D250C841A0081013F /* Build configuration list for PBXNativeTarget "PasswordHackerTests" */ = {
			isa = XCConfigurationList;
			buildConfigurations = (
				5DBB6D5E250C841A0081013F /* Debug */,
				5DBB6D5F250C841A0081013F /* Release */,
			);
			defaultConfigurationIsVisible = 0;
			defaultConfigurationName = Release;
		};
		5DBB6D60250C841A0081013F /* Build configuration list for PBXNativeTarget "PasswordHackerUITests" */ = {
			isa = XCConfigurationList;
			buildConfigurations = (
				5DBB6D61250C841A0081013F /* Debug */,
				5DBB6D62250C841A0081013F /* Release */,
			);
			defaultConfigurationIsVisible = 0;
			defaultConfigurationName = Release;
		};
/* End XCConfigurationList section */
	};
	rootObject = 5DBB6D28250C84150081013F /* Project object */;
}
